// !$*UTF8*$!
{
	archiveVersion = 1;
	classes = {
	};
	objectVersion = 48;
	objects = {

/* Begin PBXBuildFile section */
		69074D072020EA3000FEC5EB /* UserInstructionLabel.swift in Sources */ = {isa = PBXBuildFile; fileRef = 69074D062020EA3000FEC5EB /* UserInstructionLabel.swift */; };
		69074D092020EA7500FEC5EB /* UserInstructionsEnum.swift in Sources */ = {isa = PBXBuildFile; fileRef = 69074D082020EA7500FEC5EB /* UserInstructionsEnum.swift */; };
		69170E0420337CFC00740745 /* Videos.swift in Sources */ = {isa = PBXBuildFile; fileRef = 69170E0320337CFC00740745 /* Videos.swift */; };
		69170E062033947B00740745 /* YoutubeVideoQuality.swift in Sources */ = {isa = PBXBuildFile; fileRef = 69170E052033947B00740745 /* YoutubeVideoQuality.swift */; };
		69170E0C20347AB500740745 /* Secrets.swift in Sources */ = {isa = PBXBuildFile; fileRef = 69170E0B20347AB500740745 /* Secrets.swift */; };
		69170E0E2034A18600740745 /* SceneView.swift in Sources */ = {isa = PBXBuildFile; fileRef = 69170E0D2034A18600740745 /* SceneView.swift */; };
		69170E122034EE9800740745 /* Runes.xcassets in Resources */ = {isa = PBXBuildFile; fileRef = 69170E112034EE9800740745 /* Runes.xcassets */; };
		69170E142034F49300740745 /* Animator.swift in Sources */ = {isa = PBXBuildFile; fileRef = 69170E132034F49300740745 /* Animator.swift */; };
		691BFB8E202226C50086FD13 /* LogoHintOverlay.swift in Sources */ = {isa = PBXBuildFile; fileRef = 691BFB8D202226C50086FD13 /* LogoHintOverlay.swift */; };
		6927A3D4201F709C00A089E0 /* VNRectangleObservationExtension.swift in Sources */ = {isa = PBXBuildFile; fileRef = 6927A3D3201F709C00A089E0 /* VNRectangleObservationExtension.swift */; };
		6927A3D7201F752D00A089E0 /* MainARSCNView.swift in Sources */ = {isa = PBXBuildFile; fileRef = 6927A3D6201F752D00A089E0 /* MainARSCNView.swift */; };
		6927A3D9201F76DB00A089E0 /* RectangleDetectionService.swift in Sources */ = {isa = PBXBuildFile; fileRef = 6927A3D8201F76DB00A089E0 /* RectangleDetectionService.swift */; };
		6927A3DD201FAD2000A089E0 /* RectangleDetectionServiceDelegate.swift in Sources */ = {isa = PBXBuildFile; fileRef = 6927A3DC201FAD2000A089E0 /* RectangleDetectionServiceDelegate.swift */; };
		6929797E200CF4120019A0B9 /* AppDelegate.swift in Sources */ = {isa = PBXBuildFile; fileRef = 6929797D200CF4120019A0B9 /* AppDelegate.swift */; };
		69297982200CF4120019A0B9 /* HomeViewController.swift in Sources */ = {isa = PBXBuildFile; fileRef = 69297981200CF4120019A0B9 /* HomeViewController.swift */; };
		69297985200CF4120019A0B9 /* Home.storyboard in Resources */ = {isa = PBXBuildFile; fileRef = 69297983200CF4120019A0B9 /* Home.storyboard */; };
		69297987200CF4120019A0B9 /* Assets.xcassets in Resources */ = {isa = PBXBuildFile; fileRef = 69297986200CF4120019A0B9 /* Assets.xcassets */; };
		6929798A200CF4120019A0B9 /* LaunchScreen.storyboard in Resources */ = {isa = PBXBuildFile; fileRef = 69297988200CF4120019A0B9 /* LaunchScreen.storyboard */; };
		69297995200CF4120019A0B9 /* AdfedARTests.swift in Sources */ = {isa = PBXBuildFile; fileRef = 69297994200CF4120019A0B9 /* AdfedARTests.swift */; };
		692979A0200CF4120019A0B9 /* AdfedARUITests.swift in Sources */ = {isa = PBXBuildFile; fileRef = 6929799F200CF4120019A0B9 /* AdfedARUITests.swift */; };
		69355CAB201A352B00241310 /* DebugPolygon.swift in Sources */ = {isa = PBXBuildFile; fileRef = 69355CAA201A352B00241310 /* DebugPolygon.swift */; };
		6937D8AA200E7ED70024AC33 /* UIViewExtension.swift in Sources */ = {isa = PBXBuildFile; fileRef = 6937D8A9200E7ED70024AC33 /* UIViewExtension.swift */; };
		69461A1E203E2A2F00BD8DFF /* FakeLaunchScreen.swift in Sources */ = {isa = PBXBuildFile; fileRef = 69461A1D203E2A2F00BD8DFF /* FakeLaunchScreen.swift */; };
		69461A21203E2D0300BD8DFF /* CrossDissolveSegue.swift in Sources */ = {isa = PBXBuildFile; fileRef = 69461A20203E2D0300BD8DFF /* CrossDissolveSegue.swift */; };
		69461A23203F5C3000BD8DFF /* AdFed.mlmodel in Sources */ = {isa = PBXBuildFile; fileRef = 69461A22203F5C3000BD8DFF /* AdFed.mlmodel */; };
		69461A25203F65AA00BD8DFF /* ArFrameStruct.swift in Sources */ = {isa = PBXBuildFile; fileRef = 69461A24203F65AA00BD8DFF /* ArFrameStruct.swift */; };
		69881FDC2046093600D3C5DC /* AppState.swift in Sources */ = {isa = PBXBuildFile; fileRef = 69881FDB2046093600D3C5DC /* AppState.swift */; };
		696866642044B6C100A87965 /* WalkthroughViewController.swift in Sources */ = {isa = PBXBuildFile; fileRef = 696866632044B6C100A87965 /* WalkthroughViewController.swift */; };
		69B037A32020CB7C00906004 /* CoreMLError.swift in Sources */ = {isa = PBXBuildFile; fileRef = 69B037A22020CB7C00906004 /* CoreMLError.swift */; };
		69D121122016715B00B39411 /* CoreMLService.swift in Sources */ = {isa = PBXBuildFile; fileRef = 69D121112016715B00B39411 /* CoreMLService.swift */; };
		69D121162016727E00B39411 /* Page.swift in Sources */ = {isa = PBXBuildFile; fileRef = 69D121152016727E00B39411 /* Page.swift */; };
		69D121192016877800B39411 /* CoreMLServiceDelegate.swift in Sources */ = {isa = PBXBuildFile; fileRef = 69D121182016877800B39411 /* CoreMLServiceDelegate.swift */; };
		69D617F3200EB4D40067FC36 /* 3dAssets.scnassets in Resources */ = {isa = PBXBuildFile; fileRef = 69D617F2200EB4D40067FC36 /* 3dAssets.scnassets */; };
		69EEAF6F2024DB72009E9D4E /* UIImageExtension.swift in Sources */ = {isa = PBXBuildFile; fileRef = 69EEAF6E2024DB72009E9D4E /* UIImageExtension.swift */; };
		69F29871203B3E43004F84B7 /* RectangleDetectionGuide.swift in Sources */ = {isa = PBXBuildFile; fileRef = 69F29870203B3E43004F84B7 /* RectangleDetectionGuide.swift */; };
		69F29875203C6E9F004F84B7 /* AwardType.swift in Sources */ = {isa = PBXBuildFile; fileRef = 69F29874203C6E9F004F84B7 /* AwardType.swift */; };
		9816AB41C660356A4A94F75D /* Pods_AdfedARUITests.framework in Frameworks */ = {isa = PBXBuildFile; fileRef = C5D15C24C3C493A3E5D0D87A /* Pods_AdfedARUITests.framework */; };
		E800A42CEC8EF0EA8EE98283 /* Pods_AdfedARTests.framework in Frameworks */ = {isa = PBXBuildFile; fileRef = 660BC9C20DDA71A324F106BE /* Pods_AdfedARTests.framework */; };
		EE25FD5D9C4A774EDBBB5FA6 /* Pods_AdfedAR.framework in Frameworks */ = {isa = PBXBuildFile; fileRef = 599BB549AA4BDC6196DEE851 /* Pods_AdfedAR.framework */; };
/* End PBXBuildFile section */

/* Begin PBXContainerItemProxy section */
		69297991200CF4120019A0B9 /* PBXContainerItemProxy */ = {
			isa = PBXContainerItemProxy;
			containerPortal = 69297972200CF4120019A0B9 /* Project object */;
			proxyType = 1;
			remoteGlobalIDString = 69297979200CF4120019A0B9;
			remoteInfo = AdfedAR;
		};
		6929799C200CF4120019A0B9 /* PBXContainerItemProxy */ = {
			isa = PBXContainerItemProxy;
			containerPortal = 69297972200CF4120019A0B9 /* Project object */;
			proxyType = 1;
			remoteGlobalIDString = 69297979200CF4120019A0B9;
			remoteInfo = AdfedAR;
		};
/* End PBXContainerItemProxy section */

/* Begin PBXFileReference section */
		05226857A58285F5F98EDA71 /* Pods-AdfedARUITests.debug.xcconfig */ = {isa = PBXFileReference; includeInIndex = 1; lastKnownFileType = text.xcconfig; name = "Pods-AdfedARUITests.debug.xcconfig"; path = "Pods/Target Support Files/Pods-AdfedARUITests/Pods-AdfedARUITests.debug.xcconfig"; sourceTree = "<group>"; };
		2962A94F70AC8CA252774F42 /* Pods-AdfedAR.debug.xcconfig */ = {isa = PBXFileReference; includeInIndex = 1; lastKnownFileType = text.xcconfig; name = "Pods-AdfedAR.debug.xcconfig"; path = "Pods/Target Support Files/Pods-AdfedAR/Pods-AdfedAR.debug.xcconfig"; sourceTree = "<group>"; };
		332985320A5379F0B6C3F5D5 /* Pods-AdfedARTests.debug.xcconfig */ = {isa = PBXFileReference; includeInIndex = 1; lastKnownFileType = text.xcconfig; name = "Pods-AdfedARTests.debug.xcconfig"; path = "Pods/Target Support Files/Pods-AdfedARTests/Pods-AdfedARTests.debug.xcconfig"; sourceTree = "<group>"; };
		503B43A8850E6138FC212316 /* Pods-AdfedAR.release.xcconfig */ = {isa = PBXFileReference; includeInIndex = 1; lastKnownFileType = text.xcconfig; name = "Pods-AdfedAR.release.xcconfig"; path = "Pods/Target Support Files/Pods-AdfedAR/Pods-AdfedAR.release.xcconfig"; sourceTree = "<group>"; };
		599BB549AA4BDC6196DEE851 /* Pods_AdfedAR.framework */ = {isa = PBXFileReference; explicitFileType = wrapper.framework; includeInIndex = 0; path = Pods_AdfedAR.framework; sourceTree = BUILT_PRODUCTS_DIR; };
		660BC9C20DDA71A324F106BE /* Pods_AdfedARTests.framework */ = {isa = PBXFileReference; explicitFileType = wrapper.framework; includeInIndex = 0; path = Pods_AdfedARTests.framework; sourceTree = BUILT_PRODUCTS_DIR; };
		69074D062020EA3000FEC5EB /* UserInstructionLabel.swift */ = {isa = PBXFileReference; lastKnownFileType = sourcecode.swift; path = UserInstructionLabel.swift; sourceTree = "<group>"; };
		69074D082020EA7500FEC5EB /* UserInstructionsEnum.swift */ = {isa = PBXFileReference; lastKnownFileType = sourcecode.swift; path = UserInstructionsEnum.swift; sourceTree = "<group>"; };
		69170E0320337CFC00740745 /* Videos.swift */ = {isa = PBXFileReference; lastKnownFileType = sourcecode.swift; path = Videos.swift; sourceTree = "<group>"; };
		69170E052033947B00740745 /* YoutubeVideoQuality.swift */ = {isa = PBXFileReference; lastKnownFileType = sourcecode.swift; path = YoutubeVideoQuality.swift; sourceTree = "<group>"; };
		69170E0B20347AB500740745 /* Secrets.swift */ = {isa = PBXFileReference; lastKnownFileType = sourcecode.swift; path = Secrets.swift; sourceTree = "<group>"; };
		69170E0D2034A18600740745 /* SceneView.swift */ = {isa = PBXFileReference; lastKnownFileType = sourcecode.swift; path = SceneView.swift; sourceTree = "<group>"; };
		69170E112034EE9800740745 /* Runes.xcassets */ = {isa = PBXFileReference; lastKnownFileType = folder.assetcatalog; path = Runes.xcassets; sourceTree = "<group>"; };
		69170E132034F49300740745 /* Animator.swift */ = {isa = PBXFileReference; lastKnownFileType = sourcecode.swift; path = Animator.swift; sourceTree = "<group>"; };
		691BFB8D202226C50086FD13 /* LogoHintOverlay.swift */ = {isa = PBXFileReference; lastKnownFileType = sourcecode.swift; path = LogoHintOverlay.swift; sourceTree = "<group>"; };
		6927A3D3201F709C00A089E0 /* VNRectangleObservationExtension.swift */ = {isa = PBXFileReference; lastKnownFileType = sourcecode.swift; path = VNRectangleObservationExtension.swift; sourceTree = "<group>"; };
		6927A3D6201F752D00A089E0 /* MainARSCNView.swift */ = {isa = PBXFileReference; lastKnownFileType = sourcecode.swift; path = MainARSCNView.swift; sourceTree = "<group>"; };
		6927A3D8201F76DB00A089E0 /* RectangleDetectionService.swift */ = {isa = PBXFileReference; lastKnownFileType = sourcecode.swift; path = RectangleDetectionService.swift; sourceTree = "<group>"; };
		6927A3DC201FAD2000A089E0 /* RectangleDetectionServiceDelegate.swift */ = {isa = PBXFileReference; lastKnownFileType = sourcecode.swift; path = RectangleDetectionServiceDelegate.swift; sourceTree = "<group>"; };
		6929797A200CF4120019A0B9 /* AdfedAR.app */ = {isa = PBXFileReference; explicitFileType = wrapper.application; includeInIndex = 0; path = AdfedAR.app; sourceTree = BUILT_PRODUCTS_DIR; };
		6929797D200CF4120019A0B9 /* AppDelegate.swift */ = {isa = PBXFileReference; lastKnownFileType = sourcecode.swift; path = AppDelegate.swift; sourceTree = "<group>"; };
		69297981200CF4120019A0B9 /* HomeViewController.swift */ = {isa = PBXFileReference; lastKnownFileType = sourcecode.swift; path = HomeViewController.swift; sourceTree = "<group>"; };
		69297984200CF4120019A0B9 /* Base */ = {isa = PBXFileReference; lastKnownFileType = file.storyboard; name = Base; path = Base.lproj/Home.storyboard; sourceTree = "<group>"; };
		69297986200CF4120019A0B9 /* Assets.xcassets */ = {isa = PBXFileReference; lastKnownFileType = folder.assetcatalog; path = Assets.xcassets; sourceTree = "<group>"; };
		69297989200CF4120019A0B9 /* Base */ = {isa = PBXFileReference; lastKnownFileType = file.storyboard; name = Base; path = Base.lproj/LaunchScreen.storyboard; sourceTree = "<group>"; };
		6929798B200CF4120019A0B9 /* Info.plist */ = {isa = PBXFileReference; lastKnownFileType = text.plist.xml; path = Info.plist; sourceTree = "<group>"; };
		69297990200CF4120019A0B9 /* AdfedARTests.xctest */ = {isa = PBXFileReference; explicitFileType = wrapper.cfbundle; includeInIndex = 0; path = AdfedARTests.xctest; sourceTree = BUILT_PRODUCTS_DIR; };
		69297994200CF4120019A0B9 /* AdfedARTests.swift */ = {isa = PBXFileReference; lastKnownFileType = sourcecode.swift; path = AdfedARTests.swift; sourceTree = "<group>"; };
		69297996200CF4120019A0B9 /* Info.plist */ = {isa = PBXFileReference; lastKnownFileType = text.plist.xml; path = Info.plist; sourceTree = "<group>"; };
		6929799B200CF4120019A0B9 /* AdfedARUITests.xctest */ = {isa = PBXFileReference; explicitFileType = wrapper.cfbundle; includeInIndex = 0; path = AdfedARUITests.xctest; sourceTree = BUILT_PRODUCTS_DIR; };
		6929799F200CF4120019A0B9 /* AdfedARUITests.swift */ = {isa = PBXFileReference; lastKnownFileType = sourcecode.swift; path = AdfedARUITests.swift; sourceTree = "<group>"; };
		692979A1200CF4120019A0B9 /* Info.plist */ = {isa = PBXFileReference; lastKnownFileType = text.plist.xml; path = Info.plist; sourceTree = "<group>"; };
		69355CAA201A352B00241310 /* DebugPolygon.swift */ = {isa = PBXFileReference; lastKnownFileType = sourcecode.swift; path = DebugPolygon.swift; sourceTree = "<group>"; };
		6937D8A9200E7ED70024AC33 /* UIViewExtension.swift */ = {isa = PBXFileReference; lastKnownFileType = sourcecode.swift; path = UIViewExtension.swift; sourceTree = "<group>"; };
		69461A1D203E2A2F00BD8DFF /* FakeLaunchScreen.swift */ = {isa = PBXFileReference; lastKnownFileType = sourcecode.swift; path = FakeLaunchScreen.swift; sourceTree = "<group>"; };
		69461A20203E2D0300BD8DFF /* CrossDissolveSegue.swift */ = {isa = PBXFileReference; lastKnownFileType = sourcecode.swift; path = CrossDissolveSegue.swift; sourceTree = "<group>"; };
		69461A22203F5C3000BD8DFF /* AdFed.mlmodel */ = {isa = PBXFileReference; lastKnownFileType = file.mlmodel; path = AdFed.mlmodel; sourceTree = "<group>"; };
		69461A24203F65AA00BD8DFF /* ArFrameStruct.swift */ = {isa = PBXFileReference; lastKnownFileType = sourcecode.swift; path = ArFrameStruct.swift; sourceTree = "<group>"; };
		696866632044B6C100A87965 /* WalkthroughViewController.swift */ = {isa = PBXFileReference; lastKnownFileType = sourcecode.swift; path = WalkthroughViewController.swift; sourceTree = "<group>"; };
		6985CFF2203619A50069116D /* Gotham-Medium.otf */ = {isa = PBXFileReference; lastKnownFileType = file; path = "Gotham-Medium.otf"; sourceTree = "<group>"; };
		6985CFF3203619A60069116D /* Gotham-Book.otf */ = {isa = PBXFileReference; lastKnownFileType = file; path = "Gotham-Book.otf"; sourceTree = "<group>"; };
		69881FDB2046093600D3C5DC /* AppState.swift */ = {isa = PBXFileReference; lastKnownFileType = sourcecode.swift; path = AppState.swift; sourceTree = "<group>"; };
		69B037A22020CB7C00906004 /* CoreMLError.swift */ = {isa = PBXFileReference; lastKnownFileType = sourcecode.swift; path = CoreMLError.swift; sourceTree = "<group>"; };
		69D121112016715B00B39411 /* CoreMLService.swift */ = {isa = PBXFileReference; lastKnownFileType = sourcecode.swift; path = CoreMLService.swift; sourceTree = "<group>"; };
		69D121152016727E00B39411 /* Page.swift */ = {isa = PBXFileReference; lastKnownFileType = sourcecode.swift; path = Page.swift; sourceTree = "<group>"; };
		69D121182016877800B39411 /* CoreMLServiceDelegate.swift */ = {isa = PBXFileReference; lastKnownFileType = sourcecode.swift; path = CoreMLServiceDelegate.swift; sourceTree = "<group>"; };
		69D617F2200EB4D40067FC36 /* 3dAssets.scnassets */ = {isa = PBXFileReference; lastKnownFileType = wrapper.scnassets; path = 3dAssets.scnassets; sourceTree = "<group>"; };
		69EEAF6E2024DB72009E9D4E /* UIImageExtension.swift */ = {isa = PBXFileReference; lastKnownFileType = sourcecode.swift; path = UIImageExtension.swift; sourceTree = "<group>"; };
		69F29870203B3E43004F84B7 /* RectangleDetectionGuide.swift */ = {isa = PBXFileReference; lastKnownFileType = sourcecode.swift; path = RectangleDetectionGuide.swift; sourceTree = "<group>"; };
		69F29874203C6E9F004F84B7 /* AwardType.swift */ = {isa = PBXFileReference; lastKnownFileType = sourcecode.swift; path = AwardType.swift; sourceTree = "<group>"; };
		8B17EF5604D866D7559D229D /* Pods-AdfedARTests.release.xcconfig */ = {isa = PBXFileReference; includeInIndex = 1; lastKnownFileType = text.xcconfig; name = "Pods-AdfedARTests.release.xcconfig"; path = "Pods/Target Support Files/Pods-AdfedARTests/Pods-AdfedARTests.release.xcconfig"; sourceTree = "<group>"; };
		B4B3E575B685449E3A1EE296 /* Pods-AdfedARUITests.release.xcconfig */ = {isa = PBXFileReference; includeInIndex = 1; lastKnownFileType = text.xcconfig; name = "Pods-AdfedARUITests.release.xcconfig"; path = "Pods/Target Support Files/Pods-AdfedARUITests/Pods-AdfedARUITests.release.xcconfig"; sourceTree = "<group>"; };
		C5D15C24C3C493A3E5D0D87A /* Pods_AdfedARUITests.framework */ = {isa = PBXFileReference; explicitFileType = wrapper.framework; includeInIndex = 0; path = Pods_AdfedARUITests.framework; sourceTree = BUILT_PRODUCTS_DIR; };
/* End PBXFileReference section */

/* Begin PBXFrameworksBuildPhase section */
		69297977200CF4120019A0B9 /* Frameworks */ = {
			isa = PBXFrameworksBuildPhase;
			buildActionMask = 2147483647;
			files = (
				EE25FD5D9C4A774EDBBB5FA6 /* Pods_AdfedAR.framework in Frameworks */,
			);
			runOnlyForDeploymentPostprocessing = 0;
		};
		6929798D200CF4120019A0B9 /* Frameworks */ = {
			isa = PBXFrameworksBuildPhase;
			buildActionMask = 2147483647;
			files = (
				E800A42CEC8EF0EA8EE98283 /* Pods_AdfedARTests.framework in Frameworks */,
			);
			runOnlyForDeploymentPostprocessing = 0;
		};
		69297998200CF4120019A0B9 /* Frameworks */ = {
			isa = PBXFrameworksBuildPhase;
			buildActionMask = 2147483647;
			files = (
				9816AB41C660356A4A94F75D /* Pods_AdfedARUITests.framework in Frameworks */,
			);
			runOnlyForDeploymentPostprocessing = 0;
		};
/* End PBXFrameworksBuildPhase section */

/* Begin PBXGroup section */
		47A90A6A166986A63319BCC1 /* Pods */ = {
			isa = PBXGroup;
			children = (
				2962A94F70AC8CA252774F42 /* Pods-AdfedAR.debug.xcconfig */,
				503B43A8850E6138FC212316 /* Pods-AdfedAR.release.xcconfig */,
				332985320A5379F0B6C3F5D5 /* Pods-AdfedARTests.debug.xcconfig */,
				8B17EF5604D866D7559D229D /* Pods-AdfedARTests.release.xcconfig */,
				05226857A58285F5F98EDA71 /* Pods-AdfedARUITests.debug.xcconfig */,
				B4B3E575B685449E3A1EE296 /* Pods-AdfedARUITests.release.xcconfig */,
			);
			name = Pods;
			sourceTree = "<group>";
		};
		69170E0220337CE900740745 /* Structs */ = {
			isa = PBXGroup;
			children = (
				69170E0320337CFC00740745 /* Videos.swift */,
				69170E052033947B00740745 /* YoutubeVideoQuality.swift */,
				69461A24203F65AA00BD8DFF /* ArFrameStruct.swift */,
			);
			path = Structs;
			sourceTree = "<group>";
		};
		6927A3D5201F750A00A089E0 /* Subclasses */ = {
			isa = PBXGroup;
			children = (
				6927A3D6201F752D00A089E0 /* MainARSCNView.swift */,
				69170E0D2034A18600740745 /* SceneView.swift */,
			);
			path = Subclasses;
			sourceTree = "<group>";
		};
		69297971200CF4120019A0B9 = {
			isa = PBXGroup;
			children = (
				6929797C200CF4120019A0B9 /* AdfedAR */,
				69297993200CF4120019A0B9 /* AdfedARTests */,
				6929799E200CF4120019A0B9 /* AdfedARUITests */,
				6929797B200CF4120019A0B9 /* Products */,
				47A90A6A166986A63319BCC1 /* Pods */,
				A6256199BFCF2CEF56B550CF /* Frameworks */,
			);
			sourceTree = "<group>";
		};
		6929797B200CF4120019A0B9 /* Products */ = {
			isa = PBXGroup;
			children = (
				6929797A200CF4120019A0B9 /* AdfedAR.app */,
				69297990200CF4120019A0B9 /* AdfedARTests.xctest */,
				6929799B200CF4120019A0B9 /* AdfedARUITests.xctest */,
			);
			name = Products;
			sourceTree = "<group>";
		};
		6929797C200CF4120019A0B9 /* AdfedAR */ = {
			isa = PBXGroup;
			children = (
				69461A1F203E2CF100BD8DFF /* Segues */,
				69D617F2200EB4D40067FC36 /* 3dAssets.scnassets */,
				69D121132016726900B39411 /* Enums */,
				6937D8A8200E7EC80024AC33 /* Extensions */,
				6985CFF12036198D0069116D /* Fonts */,
				6929798B200CF4120019A0B9 /* Info.plist */,
				699A3C82201A775C00FFB5F6 /* Model */,
				697EED7E200E9E4600A345DB /* Other */,
				69D121172016870600B39411 /* Protocols */,
				69170E112034EE9800740745 /* Runes.xcassets */,
				69D121102016714600B39411 /* Services */,
				6937D8AB200E9DC30024AC33 /* StoryBoards */,
				69170E0220337CE900740745 /* Structs */,
				6927A3D5201F750A00A089E0 /* Subclasses */,
				6937D8AC200E9DD80024AC33 /* Views */,
			);
			path = AdfedAR;
			sourceTree = "<group>";
		};
		69297993200CF4120019A0B9 /* AdfedARTests */ = {
			isa = PBXGroup;
			children = (
				69297994200CF4120019A0B9 /* AdfedARTests.swift */,
				69297996200CF4120019A0B9 /* Info.plist */,
			);
			path = AdfedARTests;
			sourceTree = "<group>";
		};
		6929799E200CF4120019A0B9 /* AdfedARUITests */ = {
			isa = PBXGroup;
			children = (
				6929799F200CF4120019A0B9 /* AdfedARUITests.swift */,
				692979A1200CF4120019A0B9 /* Info.plist */,
			);
			path = AdfedARUITests;
			sourceTree = "<group>";
		};
		69355CA9201A351200241310 /* Element Subclasses */ = {
			isa = PBXGroup;
			children = (
				69355CAA201A352B00241310 /* DebugPolygon.swift */,
				69074D062020EA3000FEC5EB /* UserInstructionLabel.swift */,
				691BFB8D202226C50086FD13 /* LogoHintOverlay.swift */,
				69F29870203B3E43004F84B7 /* RectangleDetectionGuide.swift */,
				69F29874203C6E9F004F84B7 /* AwardType.swift */,
			);
			path = "Element Subclasses";
			sourceTree = "<group>";
		};
		6937D8A8200E7EC80024AC33 /* Extensions */ = {
			isa = PBXGroup;
			children = (
				6937D8A9200E7ED70024AC33 /* UIViewExtension.swift */,
				6927A3D3201F709C00A089E0 /* VNRectangleObservationExtension.swift */,
				69EEAF6E2024DB72009E9D4E /* UIImageExtension.swift */,
			);
			path = Extensions;
			sourceTree = "<group>";
		};
		6937D8AB200E9DC30024AC33 /* StoryBoards */ = {
			isa = PBXGroup;
			children = (
				69297988200CF4120019A0B9 /* LaunchScreen.storyboard */,
				69297983200CF4120019A0B9 /* Home.storyboard */,
			);
			path = StoryBoards;
			sourceTree = "<group>";
		};
		6937D8AC200E9DD80024AC33 /* Views */ = {
			isa = PBXGroup;
			children = (
				69355CA9201A351200241310 /* Element Subclasses */,
				69297981200CF4120019A0B9 /* HomeViewController.swift */,
				69461A1D203E2A2F00BD8DFF /* FakeLaunchScreen.swift */,
				696866632044B6C100A87965 /* WalkthroughViewController.swift */,
			);
			path = Views;
			sourceTree = "<group>";
		};
		69461A1F203E2CF100BD8DFF /* Segues */ = {
			isa = PBXGroup;
			children = (
				69461A20203E2D0300BD8DFF /* CrossDissolveSegue.swift */,
			);
			path = Segues;
			sourceTree = "<group>";
		};
		697EED7E200E9E4600A345DB /* Other */ = {
			isa = PBXGroup;
			children = (
				6929797D200CF4120019A0B9 /* AppDelegate.swift */,
				69297986200CF4120019A0B9 /* Assets.xcassets */,
				69170E0B20347AB500740745 /* Secrets.swift */,
			);
			path = Other;
			sourceTree = "<group>";
		};
		6985CFF12036198D0069116D /* Fonts */ = {
			isa = PBXGroup;
			children = (
				6985CFF3203619A60069116D /* Gotham-Book.otf */,
				6985CFF2203619A50069116D /* Gotham-Medium.otf */,
			);
			path = Fonts;
			sourceTree = "<group>";
		};
		699A3C82201A775C00FFB5F6 /* Model */ = {
			isa = PBXGroup;
			children = (
				69461A22203F5C3000BD8DFF /* AdFed.mlmodel */,
			);
			name = Model;
			path = "New Group2";
			sourceTree = "<group>";
		};
		69D121102016714600B39411 /* Services */ = {
			isa = PBXGroup;
			children = (
				69D121112016715B00B39411 /* CoreMLService.swift */,
				6927A3D8201F76DB00A089E0 /* RectangleDetectionService.swift */,
				69170E132034F49300740745 /* Animator.swift */,
				69881FDB2046093600D3C5DC /* AppState.swift */,
			);
			name = Services;
			path = "New Group";
			sourceTree = "<group>";
		};
		69D121132016726900B39411 /* Enums */ = {
			isa = PBXGroup;
			children = (
				69D121152016727E00B39411 /* Page.swift */,
				69B037A22020CB7C00906004 /* CoreMLError.swift */,
				69074D082020EA7500FEC5EB /* UserInstructionsEnum.swift */,
			);
			path = Enums;
			sourceTree = "<group>";
		};
		69D121172016870600B39411 /* Protocols */ = {
			isa = PBXGroup;
			children = (
				69D121182016877800B39411 /* CoreMLServiceDelegate.swift */,
				6927A3DC201FAD2000A089E0 /* RectangleDetectionServiceDelegate.swift */,
			);
			name = Protocols;
			path = "New Group1";
			sourceTree = "<group>";
		};
		A6256199BFCF2CEF56B550CF /* Frameworks */ = {
			isa = PBXGroup;
			children = (
				599BB549AA4BDC6196DEE851 /* Pods_AdfedAR.framework */,
				660BC9C20DDA71A324F106BE /* Pods_AdfedARTests.framework */,
				C5D15C24C3C493A3E5D0D87A /* Pods_AdfedARUITests.framework */,
			);
			name = Frameworks;
			sourceTree = "<group>";
		};
/* End PBXGroup section */

/* Begin PBXNativeTarget section */
		69297979200CF4120019A0B9 /* AdfedAR */ = {
			isa = PBXNativeTarget;
			buildConfigurationList = 692979A4200CF4120019A0B9 /* Build configuration list for PBXNativeTarget "AdfedAR" */;
			buildPhases = (
				61ABA8B707BB287B27BA5292 /* [CP] Check Pods Manifest.lock */,
				69297976200CF4120019A0B9 /* Sources */,
				69297977200CF4120019A0B9 /* Frameworks */,
				69297978200CF4120019A0B9 /* Resources */,
				06A92CCF18FD9E6F15B7649D /* [CP] Embed Pods Frameworks */,
				C599596FC549B2C843866A6E /* [CP] Copy Pods Resources */,
				6956C33E202CADE70027D70B /* Crashlytics */,
			);
			buildRules = (
			);
			dependencies = (
			);
			name = AdfedAR;
			productName = AdfedAR;
			productReference = 6929797A200CF4120019A0B9 /* AdfedAR.app */;
			productType = "com.apple.product-type.application";
		};
		6929798F200CF4120019A0B9 /* AdfedARTests */ = {
			isa = PBXNativeTarget;
			buildConfigurationList = 692979A7200CF4120019A0B9 /* Build configuration list for PBXNativeTarget "AdfedARTests" */;
			buildPhases = (
				7488A5758C163FAF6BA19716 /* [CP] Check Pods Manifest.lock */,
				6929798C200CF4120019A0B9 /* Sources */,
				6929798D200CF4120019A0B9 /* Frameworks */,
				6929798E200CF4120019A0B9 /* Resources */,
				BA35C4B1C21F5883AD940223 /* [CP] Embed Pods Frameworks */,
				080BA94A650F47F6245570FA /* [CP] Copy Pods Resources */,
			);
			buildRules = (
			);
			dependencies = (
				69297992200CF4120019A0B9 /* PBXTargetDependency */,
			);
			name = AdfedARTests;
			productName = AdfedARTests;
			productReference = 69297990200CF4120019A0B9 /* AdfedARTests.xctest */;
			productType = "com.apple.product-type.bundle.unit-test";
		};
		6929799A200CF4120019A0B9 /* AdfedARUITests */ = {
			isa = PBXNativeTarget;
			buildConfigurationList = 692979AA200CF4120019A0B9 /* Build configuration list for PBXNativeTarget "AdfedARUITests" */;
			buildPhases = (
				A678B440F6839B1986D20CD6 /* [CP] Check Pods Manifest.lock */,
				69297997200CF4120019A0B9 /* Sources */,
				69297998200CF4120019A0B9 /* Frameworks */,
				69297999200CF4120019A0B9 /* Resources */,
				D543C0965D02028161FA2A0B /* [CP] Embed Pods Frameworks */,
				DC63F9DB6993ADA593F683C4 /* [CP] Copy Pods Resources */,
			);
			buildRules = (
			);
			dependencies = (
				6929799D200CF4120019A0B9 /* PBXTargetDependency */,
			);
			name = AdfedARUITests;
			productName = AdfedARUITests;
			productReference = 6929799B200CF4120019A0B9 /* AdfedARUITests.xctest */;
			productType = "com.apple.product-type.bundle.ui-testing";
		};
/* End PBXNativeTarget section */

/* Begin PBXProject section */
		69297972200CF4120019A0B9 /* Project object */ = {
			isa = PBXProject;
			attributes = {
				LastSwiftUpdateCheck = 0920;
				LastUpgradeCheck = 0920;
				ORGANIZATIONNAME = trim;
				TargetAttributes = {
					69297979200CF4120019A0B9 = {
						CreatedOnToolsVersion = 9.2;
						ProvisioningStyle = Automatic;
					};
					6929798F200CF4120019A0B9 = {
						CreatedOnToolsVersion = 9.2;
						ProvisioningStyle = Automatic;
						TestTargetID = 69297979200CF4120019A0B9;
					};
					6929799A200CF4120019A0B9 = {
						CreatedOnToolsVersion = 9.2;
						ProvisioningStyle = Automatic;
						TestTargetID = 69297979200CF4120019A0B9;
					};
				};
			};
			buildConfigurationList = 69297975200CF4120019A0B9 /* Build configuration list for PBXProject "AdfedAR" */;
			compatibilityVersion = "Xcode 8.0";
			developmentRegion = en;
			hasScannedForEncodings = 0;
			knownRegions = (
				en,
				Base,
			);
			mainGroup = 69297971200CF4120019A0B9;
			productRefGroup = 6929797B200CF4120019A0B9 /* Products */;
			projectDirPath = "";
			projectRoot = "";
			targets = (
				69297979200CF4120019A0B9 /* AdfedAR */,
				6929798F200CF4120019A0B9 /* AdfedARTests */,
				6929799A200CF4120019A0B9 /* AdfedARUITests */,
			);
		};
/* End PBXProject section */

/* Begin PBXResourcesBuildPhase section */
		69297978200CF4120019A0B9 /* Resources */ = {
			isa = PBXResourcesBuildPhase;
			buildActionMask = 2147483647;
			files = (
				69170E122034EE9800740745 /* Runes.xcassets in Resources */,
				6929798A200CF4120019A0B9 /* LaunchScreen.storyboard in Resources */,
				69D617F3200EB4D40067FC36 /* 3dAssets.scnassets in Resources */,
				69297987200CF4120019A0B9 /* Assets.xcassets in Resources */,
				69297985200CF4120019A0B9 /* Home.storyboard in Resources */,
			);
			runOnlyForDeploymentPostprocessing = 0;
		};
		6929798E200CF4120019A0B9 /* Resources */ = {
			isa = PBXResourcesBuildPhase;
			buildActionMask = 2147483647;
			files = (
			);
			runOnlyForDeploymentPostprocessing = 0;
		};
		69297999200CF4120019A0B9 /* Resources */ = {
			isa = PBXResourcesBuildPhase;
			buildActionMask = 2147483647;
			files = (
			);
			runOnlyForDeploymentPostprocessing = 0;
		};
/* End PBXResourcesBuildPhase section */

/* Begin PBXShellScriptBuildPhase section */
		06A92CCF18FD9E6F15B7649D /* [CP] Embed Pods Frameworks */ = {
			isa = PBXShellScriptBuildPhase;
			buildActionMask = 2147483647;
			files = (
			);
			inputPaths = (
				"${SRCROOT}/Pods/Target Support Files/Pods-AdfedAR/Pods-AdfedAR-frameworks.sh",
				"${BUILT_PRODUCTS_DIR}/Alamofire/Alamofire.framework",
				"${BUILT_PRODUCTS_DIR}/SnapKit/SnapKit.framework",
				"${BUILT_PRODUCTS_DIR}/SwiftyBeaver/SwiftyBeaver.framework",
				"${BUILT_PRODUCTS_DIR}/SwiftyJSON/SwiftyJSON.framework",
				"${BUILT_PRODUCTS_DIR}/XCDYouTubeKit/XCDYouTubeKit.framework",
			);
			name = "[CP] Embed Pods Frameworks";
			outputPaths = (
				"${TARGET_BUILD_DIR}/${FRAMEWORKS_FOLDER_PATH}/Alamofire.framework",
				"${TARGET_BUILD_DIR}/${FRAMEWORKS_FOLDER_PATH}/SnapKit.framework",
				"${TARGET_BUILD_DIR}/${FRAMEWORKS_FOLDER_PATH}/SwiftyBeaver.framework",
				"${TARGET_BUILD_DIR}/${FRAMEWORKS_FOLDER_PATH}/SwiftyJSON.framework",
				"${TARGET_BUILD_DIR}/${FRAMEWORKS_FOLDER_PATH}/XCDYouTubeKit.framework",
			);
			runOnlyForDeploymentPostprocessing = 0;
			shellPath = /bin/sh;
			shellScript = "\"${SRCROOT}/Pods/Target Support Files/Pods-AdfedAR/Pods-AdfedAR-frameworks.sh\"\n";
			showEnvVarsInLog = 0;
		};
		080BA94A650F47F6245570FA /* [CP] Copy Pods Resources */ = {
			isa = PBXShellScriptBuildPhase;
			buildActionMask = 2147483647;
			files = (
			);
			inputPaths = (
			);
			name = "[CP] Copy Pods Resources";
			outputPaths = (
			);
			runOnlyForDeploymentPostprocessing = 0;
			shellPath = /bin/sh;
			shellScript = "\"${SRCROOT}/Pods/Target Support Files/Pods-AdfedARTests/Pods-AdfedARTests-resources.sh\"\n";
			showEnvVarsInLog = 0;
		};
		61ABA8B707BB287B27BA5292 /* [CP] Check Pods Manifest.lock */ = {
			isa = PBXShellScriptBuildPhase;
			buildActionMask = 2147483647;
			files = (
			);
			inputPaths = (
				"${PODS_PODFILE_DIR_PATH}/Podfile.lock",
				"${PODS_ROOT}/Manifest.lock",
			);
			name = "[CP] Check Pods Manifest.lock";
			outputPaths = (
				"$(DERIVED_FILE_DIR)/Pods-AdfedAR-checkManifestLockResult.txt",
			);
			runOnlyForDeploymentPostprocessing = 0;
			shellPath = /bin/sh;
			shellScript = "diff \"${PODS_PODFILE_DIR_PATH}/Podfile.lock\" \"${PODS_ROOT}/Manifest.lock\" > /dev/null\nif [ $? != 0 ] ; then\n    # print error to STDERR\n    echo \"error: The sandbox is not in sync with the Podfile.lock. Run 'pod install' or update your CocoaPods installation.\" >&2\n    exit 1\nfi\n# This output is used by Xcode 'outputs' to avoid re-running this script phase.\necho \"SUCCESS\" > \"${SCRIPT_OUTPUT_FILE_0}\"\n";
			showEnvVarsInLog = 0;
		};
		6956C33E202CADE70027D70B /* Crashlytics */ = {
			isa = PBXShellScriptBuildPhase;
			buildActionMask = 2147483647;
			files = (
			);
			inputPaths = (
			);
			name = Crashlytics;
			outputPaths = (
			);
			runOnlyForDeploymentPostprocessing = 0;
			shellPath = /bin/sh;
			shellScript = "\"${PODS_ROOT}/Fabric/run\" b32d95b3f21359a6a5c4fa40489be92b625bfc7d ca23970ce5b3f619752fdc0269ba623824cfeb3edf8681905aab8491bdd33076";
		};
		7488A5758C163FAF6BA19716 /* [CP] Check Pods Manifest.lock */ = {
			isa = PBXShellScriptBuildPhase;
			buildActionMask = 2147483647;
			files = (
			);
			inputPaths = (
				"${PODS_PODFILE_DIR_PATH}/Podfile.lock",
				"${PODS_ROOT}/Manifest.lock",
			);
			name = "[CP] Check Pods Manifest.lock";
			outputPaths = (
				"$(DERIVED_FILE_DIR)/Pods-AdfedARTests-checkManifestLockResult.txt",
			);
			runOnlyForDeploymentPostprocessing = 0;
			shellPath = /bin/sh;
			shellScript = "diff \"${PODS_PODFILE_DIR_PATH}/Podfile.lock\" \"${PODS_ROOT}/Manifest.lock\" > /dev/null\nif [ $? != 0 ] ; then\n    # print error to STDERR\n    echo \"error: The sandbox is not in sync with the Podfile.lock. Run 'pod install' or update your CocoaPods installation.\" >&2\n    exit 1\nfi\n# This output is used by Xcode 'outputs' to avoid re-running this script phase.\necho \"SUCCESS\" > \"${SCRIPT_OUTPUT_FILE_0}\"\n";
			showEnvVarsInLog = 0;
		};
		A678B440F6839B1986D20CD6 /* [CP] Check Pods Manifest.lock */ = {
			isa = PBXShellScriptBuildPhase;
			buildActionMask = 2147483647;
			files = (
			);
			inputPaths = (
				"${PODS_PODFILE_DIR_PATH}/Podfile.lock",
				"${PODS_ROOT}/Manifest.lock",
			);
			name = "[CP] Check Pods Manifest.lock";
			outputPaths = (
				"$(DERIVED_FILE_DIR)/Pods-AdfedARUITests-checkManifestLockResult.txt",
			);
			runOnlyForDeploymentPostprocessing = 0;
			shellPath = /bin/sh;
			shellScript = "diff \"${PODS_PODFILE_DIR_PATH}/Podfile.lock\" \"${PODS_ROOT}/Manifest.lock\" > /dev/null\nif [ $? != 0 ] ; then\n    # print error to STDERR\n    echo \"error: The sandbox is not in sync with the Podfile.lock. Run 'pod install' or update your CocoaPods installation.\" >&2\n    exit 1\nfi\n# This output is used by Xcode 'outputs' to avoid re-running this script phase.\necho \"SUCCESS\" > \"${SCRIPT_OUTPUT_FILE_0}\"\n";
			showEnvVarsInLog = 0;
		};
		BA35C4B1C21F5883AD940223 /* [CP] Embed Pods Frameworks */ = {
			isa = PBXShellScriptBuildPhase;
			buildActionMask = 2147483647;
			files = (
			);
			inputPaths = (
			);
			name = "[CP] Embed Pods Frameworks";
			outputPaths = (
			);
			runOnlyForDeploymentPostprocessing = 0;
			shellPath = /bin/sh;
			shellScript = "\"${SRCROOT}/Pods/Target Support Files/Pods-AdfedARTests/Pods-AdfedARTests-frameworks.sh\"\n";
			showEnvVarsInLog = 0;
		};
		C599596FC549B2C843866A6E /* [CP] Copy Pods Resources */ = {
			isa = PBXShellScriptBuildPhase;
			buildActionMask = 2147483647;
			files = (
			);
			inputPaths = (
			);
			name = "[CP] Copy Pods Resources";
			outputPaths = (
			);
			runOnlyForDeploymentPostprocessing = 0;
			shellPath = /bin/sh;
			shellScript = "\"${SRCROOT}/Pods/Target Support Files/Pods-AdfedAR/Pods-AdfedAR-resources.sh\"\n";
			showEnvVarsInLog = 0;
		};
		D543C0965D02028161FA2A0B /* [CP] Embed Pods Frameworks */ = {
			isa = PBXShellScriptBuildPhase;
			buildActionMask = 2147483647;
			files = (
			);
			inputPaths = (
			);
			name = "[CP] Embed Pods Frameworks";
			outputPaths = (
			);
			runOnlyForDeploymentPostprocessing = 0;
			shellPath = /bin/sh;
			shellScript = "\"${SRCROOT}/Pods/Target Support Files/Pods-AdfedARUITests/Pods-AdfedARUITests-frameworks.sh\"\n";
			showEnvVarsInLog = 0;
		};
		DC63F9DB6993ADA593F683C4 /* [CP] Copy Pods Resources */ = {
			isa = PBXShellScriptBuildPhase;
			buildActionMask = 2147483647;
			files = (
			);
			inputPaths = (
			);
			name = "[CP] Copy Pods Resources";
			outputPaths = (
			);
			runOnlyForDeploymentPostprocessing = 0;
			shellPath = /bin/sh;
			shellScript = "\"${SRCROOT}/Pods/Target Support Files/Pods-AdfedARUITests/Pods-AdfedARUITests-resources.sh\"\n";
			showEnvVarsInLog = 0;
		};
/* End PBXShellScriptBuildPhase section */

/* Begin PBXSourcesBuildPhase section */
		69297976200CF4120019A0B9 /* Sources */ = {
			isa = PBXSourcesBuildPhase;
			buildActionMask = 2147483647;
			files = (
				6937D8AA200E7ED70024AC33 /* UIViewExtension.swift in Sources */,
				696866642044B6C100A87965 /* WalkthroughViewController.swift in Sources */,
				69461A23203F5C3000BD8DFF /* AdFed.mlmodel in Sources */,
				69170E0C20347AB500740745 /* Secrets.swift in Sources */,
				69D121162016727E00B39411 /* Page.swift in Sources */,
				6927A3D4201F709C00A089E0 /* VNRectangleObservationExtension.swift in Sources */,
				6927A3D9201F76DB00A089E0 /* RectangleDetectionService.swift in Sources */,
				69170E0420337CFC00740745 /* Videos.swift in Sources */,
				69170E062033947B00740745 /* YoutubeVideoQuality.swift in Sources */,
				69D121122016715B00B39411 /* CoreMLService.swift in Sources */,
				691BFB8E202226C50086FD13 /* LogoHintOverlay.swift in Sources */,
				69EEAF6F2024DB72009E9D4E /* UIImageExtension.swift in Sources */,
				6927A3D7201F752D00A089E0 /* MainARSCNView.swift in Sources */,
				69461A1E203E2A2F00BD8DFF /* FakeLaunchScreen.swift in Sources */,
				69F29871203B3E43004F84B7 /* RectangleDetectionGuide.swift in Sources */,
				69297982200CF4120019A0B9 /* HomeViewController.swift in Sources */,
				69074D092020EA7500FEC5EB /* UserInstructionsEnum.swift in Sources */,
				69074D072020EA3000FEC5EB /* UserInstructionLabel.swift in Sources */,
				69461A21203E2D0300BD8DFF /* CrossDissolveSegue.swift in Sources */,
				69355CAB201A352B00241310 /* DebugPolygon.swift in Sources */,
				69D121192016877800B39411 /* CoreMLServiceDelegate.swift in Sources */,
				69170E0E2034A18600740745 /* SceneView.swift in Sources */,
				69F29875203C6E9F004F84B7 /* AwardType.swift in Sources */,
				6927A3DD201FAD2000A089E0 /* RectangleDetectionServiceDelegate.swift in Sources */,
				69881FDC2046093600D3C5DC /* AppState.swift in Sources */,
				6929797E200CF4120019A0B9 /* AppDelegate.swift in Sources */,
				69170E142034F49300740745 /* Animator.swift in Sources */,
				69461A25203F65AA00BD8DFF /* ArFrameStruct.swift in Sources */,
				69B037A32020CB7C00906004 /* CoreMLError.swift in Sources */,
			);
			runOnlyForDeploymentPostprocessing = 0;
		};
		6929798C200CF4120019A0B9 /* Sources */ = {
			isa = PBXSourcesBuildPhase;
			buildActionMask = 2147483647;
			files = (
				69297995200CF4120019A0B9 /* AdfedARTests.swift in Sources */,
			);
			runOnlyForDeploymentPostprocessing = 0;
		};
		69297997200CF4120019A0B9 /* Sources */ = {
			isa = PBXSourcesBuildPhase;
			buildActionMask = 2147483647;
			files = (
				692979A0200CF4120019A0B9 /* AdfedARUITests.swift in Sources */,
			);
			runOnlyForDeploymentPostprocessing = 0;
		};
/* End PBXSourcesBuildPhase section */

/* Begin PBXTargetDependency section */
		69297992200CF4120019A0B9 /* PBXTargetDependency */ = {
			isa = PBXTargetDependency;
			target = 69297979200CF4120019A0B9 /* AdfedAR */;
			targetProxy = 69297991200CF4120019A0B9 /* PBXContainerItemProxy */;
		};
		6929799D200CF4120019A0B9 /* PBXTargetDependency */ = {
			isa = PBXTargetDependency;
			target = 69297979200CF4120019A0B9 /* AdfedAR */;
			targetProxy = 6929799C200CF4120019A0B9 /* PBXContainerItemProxy */;
		};
/* End PBXTargetDependency section */

/* Begin PBXVariantGroup section */
		69297983200CF4120019A0B9 /* Home.storyboard */ = {
			isa = PBXVariantGroup;
			children = (
				69297984200CF4120019A0B9 /* Base */,
			);
			name = Home.storyboard;
			sourceTree = "<group>";
		};
		69297988200CF4120019A0B9 /* LaunchScreen.storyboard */ = {
			isa = PBXVariantGroup;
			children = (
				69297989200CF4120019A0B9 /* Base */,
			);
			name = LaunchScreen.storyboard;
			sourceTree = "<group>";
		};
/* End PBXVariantGroup section */

/* Begin XCBuildConfiguration section */
		692979A2200CF4120019A0B9 /* Debug */ = {
			isa = XCBuildConfiguration;
			buildSettings = {
				ALWAYS_SEARCH_USER_PATHS = NO;
				CLANG_ANALYZER_NONNULL = YES;
				CLANG_ANALYZER_NUMBER_OBJECT_CONVERSION = YES_AGGRESSIVE;
				CLANG_CXX_LANGUAGE_STANDARD = "gnu++14";
				CLANG_CXX_LIBRARY = "libc++";
				CLANG_ENABLE_MODULES = YES;
				CLANG_ENABLE_OBJC_ARC = YES;
				CLANG_WARN_BLOCK_CAPTURE_AUTORELEASING = YES;
				CLANG_WARN_BOOL_CONVERSION = YES;
				CLANG_WARN_COMMA = YES;
				CLANG_WARN_CONSTANT_CONVERSION = YES;
				CLANG_WARN_DIRECT_OBJC_ISA_USAGE = YES_ERROR;
				CLANG_WARN_DOCUMENTATION_COMMENTS = YES;
				CLANG_WARN_EMPTY_BODY = YES;
				CLANG_WARN_ENUM_CONVERSION = YES;
				CLANG_WARN_INFINITE_RECURSION = YES;
				CLANG_WARN_INT_CONVERSION = YES;
				CLANG_WARN_NON_LITERAL_NULL_CONVERSION = YES;
				CLANG_WARN_OBJC_LITERAL_CONVERSION = YES;
				CLANG_WARN_OBJC_ROOT_CLASS = YES_ERROR;
				CLANG_WARN_RANGE_LOOP_ANALYSIS = YES;
				CLANG_WARN_STRICT_PROTOTYPES = YES;
				CLANG_WARN_SUSPICIOUS_MOVE = YES;
				CLANG_WARN_UNGUARDED_AVAILABILITY = YES_AGGRESSIVE;
				CLANG_WARN_UNREACHABLE_CODE = YES;
				CLANG_WARN__DUPLICATE_METHOD_MATCH = YES;
				CODE_SIGN_IDENTITY = "iPhone Developer";
				COPY_PHASE_STRIP = NO;
				DEBUG_INFORMATION_FORMAT = dwarf;
				ENABLE_STRICT_OBJC_MSGSEND = YES;
				ENABLE_TESTABILITY = YES;
				GCC_C_LANGUAGE_STANDARD = gnu11;
				GCC_DYNAMIC_NO_PIC = NO;
				GCC_NO_COMMON_BLOCKS = YES;
				GCC_OPTIMIZATION_LEVEL = 0;
				GCC_PREPROCESSOR_DEFINITIONS = (
					"DEBUG=1",
					"$(inherited)",
				);
				GCC_WARN_64_TO_32_BIT_CONVERSION = YES;
				GCC_WARN_ABOUT_RETURN_TYPE = YES_ERROR;
				GCC_WARN_UNDECLARED_SELECTOR = YES;
				GCC_WARN_UNINITIALIZED_AUTOS = YES_AGGRESSIVE;
				GCC_WARN_UNUSED_FUNCTION = YES;
				GCC_WARN_UNUSED_VARIABLE = YES;
				IPHONEOS_DEPLOYMENT_TARGET = 11.2;
				MTL_ENABLE_DEBUG_INFO = YES;
				ONLY_ACTIVE_ARCH = YES;
				SDKROOT = iphoneos;
				SWIFT_ACTIVE_COMPILATION_CONDITIONS = DEBUG;
				SWIFT_OPTIMIZATION_LEVEL = "-Onone";
			};
			name = Debug;
		};
		692979A3200CF4120019A0B9 /* Release */ = {
			isa = XCBuildConfiguration;
			buildSettings = {
				ALWAYS_SEARCH_USER_PATHS = NO;
				CLANG_ANALYZER_NONNULL = YES;
				CLANG_ANALYZER_NUMBER_OBJECT_CONVERSION = YES_AGGRESSIVE;
				CLANG_CXX_LANGUAGE_STANDARD = "gnu++14";
				CLANG_CXX_LIBRARY = "libc++";
				CLANG_ENABLE_MODULES = YES;
				CLANG_ENABLE_OBJC_ARC = YES;
				CLANG_WARN_BLOCK_CAPTURE_AUTORELEASING = YES;
				CLANG_WARN_BOOL_CONVERSION = YES;
				CLANG_WARN_COMMA = YES;
				CLANG_WARN_CONSTANT_CONVERSION = YES;
				CLANG_WARN_DIRECT_OBJC_ISA_USAGE = YES_ERROR;
				CLANG_WARN_DOCUMENTATION_COMMENTS = YES;
				CLANG_WARN_EMPTY_BODY = YES;
				CLANG_WARN_ENUM_CONVERSION = YES;
				CLANG_WARN_INFINITE_RECURSION = YES;
				CLANG_WARN_INT_CONVERSION = YES;
				CLANG_WARN_NON_LITERAL_NULL_CONVERSION = YES;
				CLANG_WARN_OBJC_LITERAL_CONVERSION = YES;
				CLANG_WARN_OBJC_ROOT_CLASS = YES_ERROR;
				CLANG_WARN_RANGE_LOOP_ANALYSIS = YES;
				CLANG_WARN_STRICT_PROTOTYPES = YES;
				CLANG_WARN_SUSPICIOUS_MOVE = YES;
				CLANG_WARN_UNGUARDED_AVAILABILITY = YES_AGGRESSIVE;
				CLANG_WARN_UNREACHABLE_CODE = YES;
				CLANG_WARN__DUPLICATE_METHOD_MATCH = YES;
				CODE_SIGN_IDENTITY = "iPhone Developer";
				COPY_PHASE_STRIP = NO;
				DEBUG_INFORMATION_FORMAT = "dwarf-with-dsym";
				ENABLE_NS_ASSERTIONS = NO;
				ENABLE_STRICT_OBJC_MSGSEND = YES;
				GCC_C_LANGUAGE_STANDARD = gnu11;
				GCC_NO_COMMON_BLOCKS = YES;
				GCC_WARN_64_TO_32_BIT_CONVERSION = YES;
				GCC_WARN_ABOUT_RETURN_TYPE = YES_ERROR;
				GCC_WARN_UNDECLARED_SELECTOR = YES;
				GCC_WARN_UNINITIALIZED_AUTOS = YES_AGGRESSIVE;
				GCC_WARN_UNUSED_FUNCTION = YES;
				GCC_WARN_UNUSED_VARIABLE = YES;
				IPHONEOS_DEPLOYMENT_TARGET = 11.2;
				MTL_ENABLE_DEBUG_INFO = NO;
				SDKROOT = iphoneos;
				SWIFT_OPTIMIZATION_LEVEL = "-Owholemodule";
				VALIDATE_PRODUCT = YES;
			};
			name = Release;
		};
		692979A5200CF4120019A0B9 /* Debug */ = {
			isa = XCBuildConfiguration;
			baseConfigurationReference = 2962A94F70AC8CA252774F42 /* Pods-AdfedAR.debug.xcconfig */;
			buildSettings = {
				ASSETCATALOG_COMPILER_APPICON_NAME = AppIcon;
				CODE_SIGN_STYLE = Automatic;
				CURRENT_PROJECT_VERSION = 33;
				DEBUG_INFORMATION_FORMAT = "dwarf-with-dsym";
				DEVELOPMENT_TEAM = ZVRNHU225Q;
				DISPLAY_NAME = "Adfed-debug";
				INFOPLIST_FILE = AdfedAR/Info.plist;
				LD_RUNPATH_SEARCH_PATHS = "$(inherited) @executable_path/Frameworks";
				PRODUCT_BUNDLE_IDENTIFIER = "com.trim.AdfedAR-debug";
				PRODUCT_NAME = "$(TARGET_NAME)";
				SWIFT_VERSION = 4.0;
				TARGETED_DEVICE_FAMILY = "1,2";
				VERSIONING_SYSTEM = "apple-generic";
			};
			name = Debug;
		};
		692979A6200CF4120019A0B9 /* Release */ = {
			isa = XCBuildConfiguration;
			baseConfigurationReference = 503B43A8850E6138FC212316 /* Pods-AdfedAR.release.xcconfig */;
			buildSettings = {
				ASSETCATALOG_COMPILER_APPICON_NAME = AppIcon;
				CODE_SIGN_STYLE = Automatic;
				CURRENT_PROJECT_VERSION = 33;
				DEVELOPMENT_TEAM = ZVRNHU225Q;
				DISPLAY_NAME = "A New Reality";
				INFOPLIST_FILE = AdfedAR/Info.plist;
				LD_RUNPATH_SEARCH_PATHS = "$(inherited) @executable_path/Frameworks";
				PRODUCT_BUNDLE_IDENTIFIER = com.trim.AdfedAR;
				PRODUCT_NAME = "$(TARGET_NAME)";
				SWIFT_VERSION = 4.0;
				TARGETED_DEVICE_FAMILY = "1,2";
				VERSIONING_SYSTEM = "apple-generic";
			};
			name = Release;
		};
		692979A8200CF4120019A0B9 /* Debug */ = {
			isa = XCBuildConfiguration;
			baseConfigurationReference = 332985320A5379F0B6C3F5D5 /* Pods-AdfedARTests.debug.xcconfig */;
			buildSettings = {
				ALWAYS_EMBED_SWIFT_STANDARD_LIBRARIES = YES;
				BUNDLE_LOADER = "$(TEST_HOST)";
				CODE_SIGN_STYLE = Automatic;
				DEVELOPMENT_TEAM = ZVRNHU225Q;
				INFOPLIST_FILE = AdfedARTests/Info.plist;
				LD_RUNPATH_SEARCH_PATHS = "$(inherited) @executable_path/Frameworks @loader_path/Frameworks";
				PRODUCT_BUNDLE_IDENTIFIER = com.trim.AdfedARTests;
				PRODUCT_NAME = "$(TARGET_NAME)";
				SWIFT_VERSION = 4.0;
				TARGETED_DEVICE_FAMILY = "1,2";
				TEST_HOST = "$(BUILT_PRODUCTS_DIR)/AdfedAR.app/AdfedAR";
			};
			name = Debug;
		};
		692979A9200CF4120019A0B9 /* Release */ = {
			isa = XCBuildConfiguration;
			baseConfigurationReference = 8B17EF5604D866D7559D229D /* Pods-AdfedARTests.release.xcconfig */;
			buildSettings = {
				ALWAYS_EMBED_SWIFT_STANDARD_LIBRARIES = YES;
				BUNDLE_LOADER = "$(TEST_HOST)";
				CODE_SIGN_STYLE = Automatic;
				DEVELOPMENT_TEAM = ZVRNHU225Q;
				INFOPLIST_FILE = AdfedARTests/Info.plist;
				LD_RUNPATH_SEARCH_PATHS = "$(inherited) @executable_path/Frameworks @loader_path/Frameworks";
				PRODUCT_BUNDLE_IDENTIFIER = com.trim.AdfedARTests;
				PRODUCT_NAME = "$(TARGET_NAME)";
				SWIFT_VERSION = 4.0;
				TARGETED_DEVICE_FAMILY = "1,2";
				TEST_HOST = "$(BUILT_PRODUCTS_DIR)/AdfedAR.app/AdfedAR";
			};
			name = Release;
		};
		692979AB200CF4120019A0B9 /* Debug */ = {
			isa = XCBuildConfiguration;
			baseConfigurationReference = 05226857A58285F5F98EDA71 /* Pods-AdfedARUITests.debug.xcconfig */;
			buildSettings = {
				ALWAYS_EMBED_SWIFT_STANDARD_LIBRARIES = YES;
				CODE_SIGN_STYLE = Automatic;
				DEVELOPMENT_TEAM = ZVRNHU225Q;
				INFOPLIST_FILE = AdfedARUITests/Info.plist;
				LD_RUNPATH_SEARCH_PATHS = "$(inherited) @executable_path/Frameworks @loader_path/Frameworks";
				PRODUCT_BUNDLE_IDENTIFIER = com.trim.AdfedARUITests;
				PRODUCT_NAME = "$(TARGET_NAME)";
				SWIFT_VERSION = 4.0;
				TARGETED_DEVICE_FAMILY = "1,2";
				TEST_TARGET_NAME = AdfedAR;
			};
			name = Debug;
		};
		692979AC200CF4120019A0B9 /* Release */ = {
			isa = XCBuildConfiguration;
			baseConfigurationReference = B4B3E575B685449E3A1EE296 /* Pods-AdfedARUITests.release.xcconfig */;
			buildSettings = {
				ALWAYS_EMBED_SWIFT_STANDARD_LIBRARIES = YES;
				CODE_SIGN_STYLE = Automatic;
				DEVELOPMENT_TEAM = ZVRNHU225Q;
				INFOPLIST_FILE = AdfedARUITests/Info.plist;
				LD_RUNPATH_SEARCH_PATHS = "$(inherited) @executable_path/Frameworks @loader_path/Frameworks";
				PRODUCT_BUNDLE_IDENTIFIER = com.trim.AdfedARUITests;
				PRODUCT_NAME = "$(TARGET_NAME)";
				SWIFT_VERSION = 4.0;
				TARGETED_DEVICE_FAMILY = "1,2";
				TEST_TARGET_NAME = AdfedAR;
			};
			name = Release;
		};
/* End XCBuildConfiguration section */

/* Begin XCConfigurationList section */
		69297975200CF4120019A0B9 /* Build configuration list for PBXProject "AdfedAR" */ = {
			isa = XCConfigurationList;
			buildConfigurations = (
				692979A2200CF4120019A0B9 /* Debug */,
				692979A3200CF4120019A0B9 /* Release */,
			);
			defaultConfigurationIsVisible = 0;
			defaultConfigurationName = Release;
		};
		692979A4200CF4120019A0B9 /* Build configuration list for PBXNativeTarget "AdfedAR" */ = {
			isa = XCConfigurationList;
			buildConfigurations = (
				692979A5200CF4120019A0B9 /* Debug */,
				692979A6200CF4120019A0B9 /* Release */,
			);
			defaultConfigurationIsVisible = 0;
			defaultConfigurationName = Release;
		};
		692979A7200CF4120019A0B9 /* Build configuration list for PBXNativeTarget "AdfedARTests" */ = {
			isa = XCConfigurationList;
			buildConfigurations = (
				692979A8200CF4120019A0B9 /* Debug */,
				692979A9200CF4120019A0B9 /* Release */,
			);
			defaultConfigurationIsVisible = 0;
			defaultConfigurationName = Release;
		};
		692979AA200CF4120019A0B9 /* Build configuration list for PBXNativeTarget "AdfedARUITests" */ = {
			isa = XCConfigurationList;
			buildConfigurations = (
				692979AB200CF4120019A0B9 /* Debug */,
				692979AC200CF4120019A0B9 /* Release */,
			);
			defaultConfigurationIsVisible = 0;
			defaultConfigurationName = Release;
		};
/* End XCConfigurationList section */
	};
	rootObject = 69297972200CF4120019A0B9 /* Project object */;
}
